
Microsoft Visual Studio Solution File, Format Version 12.00
# Visual Studio Version 16
VisualStudioVersion = 16.0.30114.105
MinimumVisualStudioVersion = 10.0.40219.1
Project("{FAE04EC0-301F-11D3-BF4B-00C04F79EFBC}") = "API", "API\API.csproj", "{0CBA9734-65EA-4F48-8057-29A121D5B317}"
EndProject
Project("{FAE04EC0-301F-11D3-BF4B-00C04F79EFBC}") = "Application", "Application\Application.csproj", "{A440C9FD-19DF-471F-8ED8-F0163EC71F3E}"
EndProject
Project("{FAE04EC0-301F-11D3-BF4B-00C04F79EFBC}") = "Persistence", "Persistence\Persistence.csproj", "{98E5D5D6-5472-4DCD-917C-E924E30CA806}"
EndProject
Project("{FAE04EC0-301F-11D3-BF4B-00C04F79EFBC}") = "Domain", "Domain\Domain.csproj", "{326FDF8D-DF04-4221-972A-DADE0AE5C169}"
EndProject
Global
	GlobalSection(SolutionConfigurationPlatforms) = preSolution
		Debug|Any CPU = Debug|Any CPU
		Debug|x64 = Debug|x64
		Debug|x86 = Debug|x86
		Release|Any CPU = Release|Any CPU
		Release|x64 = Release|x64
		Release|x86 = Release|x86
	EndGlobalSection
	GlobalSection(SolutionProperties) = preSolution
		HideSolutionNode = FALSE
	EndGlobalSection
	GlobalSection(ProjectConfigurationPlatforms) = postSolution
		{0CBA9734-65EA-4F48-8057-29A121D5B317}.Debug|Any CPU.ActiveCfg = Debug|Any CPU
		{0CBA9734-65EA-4F48-8057-29A121D5B317}.Debug|Any CPU.Build.0 = Debug|Any CPU
		{0CBA9734-65EA-4F48-8057-29A121D5B317}.Debug|x64.ActiveCfg = Debug|Any CPU
		{0CBA9734-65EA-4F48-8057-29A121D5B317}.Debug|x64.Build.0 = Debug|Any CPU
		{0CBA9734-65EA-4F48-8057-29A121D5B317}.Debug|x86.ActiveCfg = Debug|Any CPU
		{0CBA9734-65EA-4F48-8057-29A121D5B317}.Debug|x86.Build.0 = Debug|Any CPU
		{0CBA9734-65EA-4F48-8057-29A121D5B317}.Release|Any CPU.ActiveCfg = Release|Any CPU
		{0CBA9734-65EA-4F48-8057-29A121D5B317}.Release|Any CPU.Build.0 = Release|Any CPU
		{0CBA9734-65EA-4F48-8057-29A121D5B317}.Release|x64.ActiveCfg = Release|Any CPU
		{0CBA9734-65EA-4F48-8057-29A121D5B317}.Release|x64.Build.0 = Release|Any CPU
		{0CBA9734-65EA-4F48-8057-29A121D5B317}.Release|x86.ActiveCfg = Release|Any CPU
		{0CBA9734-65EA-4F48-8057-29A121D5B317}.Release|x86.Build.0 = Release|Any CPU
		{A440C9FD-19DF-471F-8ED8-F0163EC71F3E}.Debug|Any CPU.ActiveCfg = Debug|Any CPU
		{A440C9FD-19DF-471F-8ED8-F0163EC71F3E}.Debug|Any CPU.Build.0 = Debug|Any CPU
		{A440C9FD-19DF-471F-8ED8-F0163EC71F3E}.Debug|x64.ActiveCfg = Debug|Any CPU
		{A440C9FD-19DF-471F-8ED8-F0163EC71F3E}.Debug|x64.Build.0 = Debug|Any CPU
		{A440C9FD-19DF-471F-8ED8-F0163EC71F3E}.Debug|x86.ActiveCfg = Debug|Any CPU
		{A440C9FD-19DF-471F-8ED8-F0163EC71F3E}.Debug|x86.Build.0 = Debug|Any CPU
		{A440C9FD-19DF-471F-8ED8-F0163EC71F3E}.Release|Any CPU.ActiveCfg = Release|Any CPU
		{A440C9FD-19DF-471F-8ED8-F0163EC71F3E}.Release|Any CPU.Build.0 = Release|Any CPU
		{A440C9FD-19DF-471F-8ED8-F0163EC71F3E}.Release|x64.ActiveCfg = Release|Any CPU
		{A440C9FD-19DF-471F-8ED8-F0163EC71F3E}.Release|x64.Build.0 = Release|Any CPU
		{A440C9FD-19DF-471F-8ED8-F0163EC71F3E}.Release|x86.ActiveCfg = Release|Any CPU
		{A440C9FD-19DF-471F-8ED8-F0163EC71F3E}.Release|x86.Build.0 = Release|Any CPU
		{98E5D5D6-5472-4DCD-917C-E924E30CA806}.Debug|Any CPU.ActiveCfg = Debug|Any CPU
		{98E5D5D6-5472-4DCD-917C-E924E30CA806}.Debug|Any CPU.Build.0 = Debug|Any CPU
		{98E5D5D6-5472-4DCD-917C-E924E30CA806}.Debug|x64.ActiveCfg = Debug|Any CPU
		{98E5D5D6-5472-4DCD-917C-E924E30CA806}.Debug|x64.Build.0 = Debug|Any CPU
		{98E5D5D6-5472-4DCD-917C-E924E30CA806}.Debug|x86.ActiveCfg = Debug|Any CPU
		{98E5D5D6-5472-4DCD-917C-E924E30CA806}.Debug|x86.Build.0 = Debug|Any CPU
		{98E5D5D6-5472-4DCD-917C-E924E30CA806}.Release|Any CPU.ActiveCfg = Release|Any CPU
		{98E5D5D6-5472-4DCD-917C-E924E30CA806}.Release|Any CPU.Build.0 = Release|Any CPU
		{98E5D5D6-5472-4DCD-917C-E924E30CA806}.Release|x64.ActiveCfg = Release|Any CPU
		{98E5D5D6-5472-4DCD-917C-E924E30CA806}.Release|x64.Build.0 = Release|Any CPU
		{98E5D5D6-5472-4DCD-917C-E924E30CA806}.Release|x86.ActiveCfg = Release|Any CPU
		{98E5D5D6-5472-4DCD-917C-E924E30CA806}.Release|x86.Build.0 = Release|Any CPU
		{326FDF8D-DF04-4221-972A-DADE0AE5C169}.Debug|Any CPU.ActiveCfg = Debug|Any CPU
		{326FDF8D-DF04-4221-972A-DADE0AE5C169}.Debug|Any CPU.Build.0 = Debug|Any CPU
		{326FDF8D-DF04-4221-972A-DADE0AE5C169}.Debug|x64.ActiveCfg = Debug|Any CPU
		{326FDF8D-DF04-4221-972A-DADE0AE5C169}.Debug|x64.Build.0 = Debug|Any CPU
		{326FDF8D-DF04-4221-972A-DADE0AE5C169}.Debug|x86.ActiveCfg = Debug|Any CPU
		{326FDF8D-DF04-4221-972A-DADE0AE5C169}.Debug|x86.Build.0 = Debug|Any CPU
		{326FDF8D-DF04-4221-972A-DADE0AE5C169}.Release|Any CPU.ActiveCfg = Release|Any CPU
		{326FDF8D-DF04-4221-972A-DADE0AE5C169}.Release|Any CPU.Build.0 = Release|Any CPU
		{326FDF8D-DF04-4221-972A-DADE0AE5C169}.Release|x64.ActiveCfg = Release|Any CPU
		{326FDF8D-DF04-4221-972A-DADE0AE5C169}.Release|x64.Build.0 = Release|Any CPU
		{326FDF8D-DF04-4221-972A-DADE0AE5C169}.Release|x86.ActiveCfg = Release|Any CPU
		{326FDF8D-DF04-4221-972A-DADE0AE5C169}.Release|x86.Build.0 = Release|Any CPU
	EndGlobalSection
EndGlobal
